
Microsoft Visual Studio Solution File, Format Version 12.00
# Visual Studio 2017
Project("{FAE04EC0-301F-11D3-BF4B-00C04F79EFBC}") = "Prisoners", "Prisoners.csproj", "{B18CEDA6-21B6-B281-FA55-72AB084DC2F0}"
EndProject
Project("{FAE04EC0-301F-11D3-BF4B-00C04F79EFBC}") = "Prisoners.Plugins", "Prisoners.Plugins.csproj", "{9A679ECC-4A1F-02EE-9E14-CC7CA33FF0D3}"
EndProject
Project("{FAE04EC0-301F-11D3-BF4B-00C04F79EFBC}") = "Prisoners.Editor.Plugins", "Prisoners.Editor.Plugins.csproj", "{AA7B43A3-7AAB-4CEB-8AF4-6F2116820BB6}"
EndProject
Global
	GlobalSection(SolutionConfigurationPlatforms) = preSolution
		Debug|Any CPU = Debug|Any CPU
		Release|Any CPU = Release|Any CPU
	EndGlobalSection
	GlobalSection(ProjectConfigurationPlatforms) = postSolution
		{B18CEDA6-21B6-B281-FA55-72AB084DC2F0}.Debug|Any CPU.ActiveCfg = Debug|Any CPU
		{B18CEDA6-21B6-B281-FA55-72AB084DC2F0}.Debug|Any CPU.Build.0 = Debug|Any CPU
		{B18CEDA6-21B6-B281-FA55-72AB084DC2F0}.Release|Any CPU.ActiveCfg = Release|Any CPU
		{B18CEDA6-21B6-B281-FA55-72AB084DC2F0}.Release|Any CPU.Build.0 = Release|Any CPU
		{9A679ECC-4A1F-02EE-9E14-CC7CA33FF0D3}.Debug|Any CPU.ActiveCfg = Debug|Any CPU
		{9A679ECC-4A1F-02EE-9E14-CC7CA33FF0D3}.Debug|Any CPU.Build.0 = Debug|Any CPU
		{9A679ECC-4A1F-02EE-9E14-CC7CA33FF0D3}.Release|Any CPU.ActiveCfg = Release|Any CPU
		{9A679ECC-4A1F-02EE-9E14-CC7CA33FF0D3}.Release|Any CPU.Build.0 = Release|Any CPU
		{AA7B43A3-7AAB-4CEB-8AF4-6F2116820BB6}.Debug|Any CPU.ActiveCfg = Debug|Any CPU
		{AA7B43A3-7AAB-4CEB-8AF4-6F2116820BB6}.Debug|Any CPU.Build.0 = Debug|Any CPU
		{AA7B43A3-7AAB-4CEB-8AF4-6F2116820BB6}.Release|Any CPU.ActiveCfg = Release|Any CPU
		{AA7B43A3-7AAB-4CEB-8AF4-6F2116820BB6}.Release|Any CPU.Build.0 = Release|Any CPU
	EndGlobalSection
	GlobalSection(SolutionProperties) = preSolution
		HideSolutionNode = FALSE
	EndGlobalSection
EndGlobal
