
Microsoft Visual Studio Solution File, Format Version 11.00
# Visual Studio 2010
Project("{FAE04EC0-301F-11D3-BF4B-00C04F79EFBC}") = "Prisoners", "Assembly-CSharp.csproj", "{71C75031-5C62-0855-8345-A79C474359C7}"
EndProject
Project("{FAE04EC0-301F-11D3-BF4B-00C04F79EFBC}") = "Prisoners", "Assembly-CSharp-firstpass.csproj", "{D1AD45AC-7FFD-216B-E52F-44BE260940A1}"
EndProject
Project("{FAE04EC0-301F-11D3-BF4B-00C04F79EFBC}") = "Prisoners", "Assembly-CSharp-Editor-firstpass.csproj", "{CF2314A0-384D-6C7F-370A-3FD58507230D}"
EndProject
Global
	GlobalSection(SolutionConfigurationPlatforms) = preSolution
		Debug|Any CPU = Debug|Any CPU
		Release|Any CPU = Release|Any CPU
	EndGlobalSection
	GlobalSection(ProjectConfigurationPlatforms) = postSolution
		{71C75031-5C62-0855-8345-A79C474359C7}.Debug|Any CPU.ActiveCfg = Debug|Any CPU
		{71C75031-5C62-0855-8345-A79C474359C7}.Debug|Any CPU.Build.0 = Debug|Any CPU
		{71C75031-5C62-0855-8345-A79C474359C7}.Release|Any CPU.ActiveCfg = Release|Any CPU
		{71C75031-5C62-0855-8345-A79C474359C7}.Release|Any CPU.Build.0 = Release|Any CPU
		{D1AD45AC-7FFD-216B-E52F-44BE260940A1}.Debug|Any CPU.ActiveCfg = Debug|Any CPU
		{D1AD45AC-7FFD-216B-E52F-44BE260940A1}.Debug|Any CPU.Build.0 = Debug|Any CPU
		{D1AD45AC-7FFD-216B-E52F-44BE260940A1}.Release|Any CPU.ActiveCfg = Release|Any CPU
		{D1AD45AC-7FFD-216B-E52F-44BE260940A1}.Release|Any CPU.Build.0 = Release|Any CPU
		{CF2314A0-384D-6C7F-370A-3FD58507230D}.Debug|Any CPU.ActiveCfg = Debug|Any CPU
		{CF2314A0-384D-6C7F-370A-3FD58507230D}.Debug|Any CPU.Build.0 = Debug|Any CPU
		{CF2314A0-384D-6C7F-370A-3FD58507230D}.Release|Any CPU.ActiveCfg = Release|Any CPU
		{CF2314A0-384D-6C7F-370A-3FD58507230D}.Release|Any CPU.Build.0 = Release|Any CPU
	EndGlobalSection
	GlobalSection(SolutionProperties) = preSolution
		HideSolutionNode = FALSE
	EndGlobalSection
	GlobalSection(MonoDevelopProperties) = preSolution
		StartupItem = Assembly-CSharp.csproj
	EndGlobalSection
EndGlobal
